
Microsoft Visual Studio Solution File, Format Version 12.00
# Visual Studio Version 16
VisualStudioVersion = 16.0.29230.47
MinimumVisualStudioVersion = 10.0.40219.1
Project("{FAE04EC0-301F-11D3-BF4B-00C04F79EFBC}") = "screenFilterApp", "screenFilterApp.csproj", "{251F9FC6-27EF-48D9-8D30-DD6BC18662D3}"
EndProject
Project("{54435603-DBB4-11D2-8724-00A0C9A8B90C}") = "ScreenFilterInstall", "..\ScreenFilterInstall\ScreenFilterInstall.vdproj", "{679EC4C1-FFF4-47FB-87FD-D8FDC6F33E5D}"
EndProject
Global
	GlobalSection(SolutionConfigurationPlatforms) = preSolution
		Debug|Any CPU = Debug|Any CPU
		Release|Any CPU = Release|Any CPU
	EndGlobalSection
	GlobalSection(ProjectConfigurationPlatforms) = postSolution
		{251F9FC6-27EF-48D9-8D30-DD6BC18662D3}.Debug|Any CPU.ActiveCfg = Debug|Any CPU
		{251F9FC6-27EF-48D9-8D30-DD6BC18662D3}.Debug|Any CPU.Build.0 = Debug|Any CPU
		{251F9FC6-27EF-48D9-8D30-DD6BC18662D3}.Release|Any CPU.ActiveCfg = Release|Any CPU
		{251F9FC6-27EF-48D9-8D30-DD6BC18662D3}.Release|Any CPU.Build.0 = Release|Any CPU
		{679EC4C1-FFF4-47FB-87FD-D8FDC6F33E5D}.Debug|Any CPU.ActiveCfg = Debug
		{679EC4C1-FFF4-47FB-87FD-D8FDC6F33E5D}.Release|Any CPU.ActiveCfg = Release
	EndGlobalSection
	GlobalSection(SolutionProperties) = preSolution
		HideSolutionNode = FALSE
	EndGlobalSection
	GlobalSection(ExtensibilityGlobals) = postSolution
		SolutionGuid = {D63EB6DA-4EA8-4116-84C0-0157925060B7}
	EndGlobalSection
EndGlobal
